
Microsoft Visual Studio Solution File, Format Version 12.00
# Visual Studio 14
VisualStudioVersion = 14.0.25420.1
MinimumVisualStudioVersion = 10.0.40219.1
Project("{FAE04EC0-301F-11D3-BF4B-00C04F79EFBC}") = "GenderPayGap", "GenderPayGap\GenderPayGap.csproj", "{E1578D37-94CD-4716-A68C-A66980A567D2}"
EndProject
Project("{FAE04EC0-301F-11D3-BF4B-00C04F79EFBC}") = "GpgApi", "GpgApi\GpgApi.csproj", "{9CD67510-4FFE-4907-A2D0-560EEE7D11BA}"
EndProject
Project("{FAE04EC0-301F-11D3-BF4B-00C04F79EFBC}") = "GpgIdentityServer", "GpgIdentityServer\GpgIdentityServer.csproj", "{7F281277-505F-4E86-B462-79B740208E63}"
EndProject
Project("{FAE04EC0-301F-11D3-BF4B-00C04F79EFBC}") = "GpgDatabase", "GpgDatabase\GpgDatabase.csproj", "{3073DF11-5D99-45A7-9CBA-836FD758C319}"
EndProject
Project("{FAE04EC0-301F-11D3-BF4B-00C04F79EFBC}") = "Extensions", "Extensions\Extensions.csproj", "{50D3DD00-E740-410B-87F6-C4F5FBD0657C}"
EndProject
Global
	GlobalSection(SolutionConfigurationPlatforms) = preSolution
		Debug|Any CPU = Debug|Any CPU
		Release|Any CPU = Release|Any CPU
	EndGlobalSection
	GlobalSection(ProjectConfigurationPlatforms) = postSolution
		{E1578D37-94CD-4716-A68C-A66980A567D2}.Debug|Any CPU.ActiveCfg = Debug|Any CPU
		{E1578D37-94CD-4716-A68C-A66980A567D2}.Debug|Any CPU.Build.0 = Debug|Any CPU
		{E1578D37-94CD-4716-A68C-A66980A567D2}.Release|Any CPU.ActiveCfg = Release|Any CPU
		{E1578D37-94CD-4716-A68C-A66980A567D2}.Release|Any CPU.Build.0 = Release|Any CPU
		{9CD67510-4FFE-4907-A2D0-560EEE7D11BA}.Debug|Any CPU.ActiveCfg = Debug|Any CPU
		{9CD67510-4FFE-4907-A2D0-560EEE7D11BA}.Debug|Any CPU.Build.0 = Debug|Any CPU
		{9CD67510-4FFE-4907-A2D0-560EEE7D11BA}.Release|Any CPU.ActiveCfg = Release|Any CPU
		{9CD67510-4FFE-4907-A2D0-560EEE7D11BA}.Release|Any CPU.Build.0 = Release|Any CPU
		{7F281277-505F-4E86-B462-79B740208E63}.Debug|Any CPU.ActiveCfg = Debug|Any CPU
		{7F281277-505F-4E86-B462-79B740208E63}.Debug|Any CPU.Build.0 = Debug|Any CPU
		{7F281277-505F-4E86-B462-79B740208E63}.Release|Any CPU.ActiveCfg = Release|Any CPU
		{7F281277-505F-4E86-B462-79B740208E63}.Release|Any CPU.Build.0 = Release|Any CPU
		{3073DF11-5D99-45A7-9CBA-836FD758C319}.Debug|Any CPU.ActiveCfg = Debug|Any CPU
		{3073DF11-5D99-45A7-9CBA-836FD758C319}.Debug|Any CPU.Build.0 = Debug|Any CPU
		{3073DF11-5D99-45A7-9CBA-836FD758C319}.Release|Any CPU.ActiveCfg = Release|Any CPU
		{3073DF11-5D99-45A7-9CBA-836FD758C319}.Release|Any CPU.Build.0 = Release|Any CPU
		{50D3DD00-E740-410B-87F6-C4F5FBD0657C}.Debug|Any CPU.ActiveCfg = Debug|Any CPU
		{50D3DD00-E740-410B-87F6-C4F5FBD0657C}.Debug|Any CPU.Build.0 = Debug|Any CPU
		{50D3DD00-E740-410B-87F6-C4F5FBD0657C}.Release|Any CPU.ActiveCfg = Release|Any CPU
		{50D3DD00-E740-410B-87F6-C4F5FBD0657C}.Release|Any CPU.Build.0 = Release|Any CPU
	EndGlobalSection
	GlobalSection(SolutionProperties) = preSolution
		HideSolutionNode = FALSE
	EndGlobalSection
EndGlobal
