
Microsoft Visual Studio Solution File, Format Version 12.00
# Visual Studio 14
VisualStudioVersion = 14.0.25420.1
MinimumVisualStudioVersion = 10.0.40219.1
Project("{FAE04EC0-301F-11D3-BF4B-00C04F79EFBC}") = "GenderPayGap", "GenderPayGap\GenderPayGap.csproj", "{E1578D37-94CD-4716-A68C-A66980A567D2}"
EndProject
Project("{FAE04EC0-301F-11D3-BF4B-00C04F79EFBC}") = "GenderPayGap.Tests", "GenderPayGap.Tests\GenderPayGap.Tests.csproj", "{ADB4DCF7-1D43-41EF-9FD3-DA4C36D923AB}"
EndProject
Project("{00D1A9C2-B5F0-4AF3-8072-F6C62B433612}") = "GpgDB", "GpgDB\GpgDB.sqlproj", "{75891C14-2307-4041-81C9-513723CC74AA}"
EndProject
Project("{FAE04EC0-301F-11D3-BF4B-00C04F79EFBC}") = "GPGRepository", "GPGRepository\GPGRepository.csproj", "{2136E98F-91B4-4522-BDC0-19D7CDCDF1EE}"
EndProject
Global
	GlobalSection(SolutionConfigurationPlatforms) = preSolution
		Debug|Any CPU = Debug|Any CPU
		Release|Any CPU = Release|Any CPU
	EndGlobalSection
	GlobalSection(ProjectConfigurationPlatforms) = postSolution
		{E1578D37-94CD-4716-A68C-A66980A567D2}.Debug|Any CPU.ActiveCfg = Debug|Any CPU
		{E1578D37-94CD-4716-A68C-A66980A567D2}.Debug|Any CPU.Build.0 = Debug|Any CPU
		{E1578D37-94CD-4716-A68C-A66980A567D2}.Release|Any CPU.ActiveCfg = Release|Any CPU
		{E1578D37-94CD-4716-A68C-A66980A567D2}.Release|Any CPU.Build.0 = Release|Any CPU
		{ADB4DCF7-1D43-41EF-9FD3-DA4C36D923AB}.Debug|Any CPU.ActiveCfg = Debug|Any CPU
		{ADB4DCF7-1D43-41EF-9FD3-DA4C36D923AB}.Debug|Any CPU.Build.0 = Debug|Any CPU
		{ADB4DCF7-1D43-41EF-9FD3-DA4C36D923AB}.Release|Any CPU.ActiveCfg = Release|Any CPU
		{ADB4DCF7-1D43-41EF-9FD3-DA4C36D923AB}.Release|Any CPU.Build.0 = Release|Any CPU
		{75891C14-2307-4041-81C9-513723CC74AA}.Debug|Any CPU.ActiveCfg = Debug|Any CPU
		{75891C14-2307-4041-81C9-513723CC74AA}.Debug|Any CPU.Build.0 = Debug|Any CPU
		{75891C14-2307-4041-81C9-513723CC74AA}.Debug|Any CPU.Deploy.0 = Debug|Any CPU
		{75891C14-2307-4041-81C9-513723CC74AA}.Release|Any CPU.ActiveCfg = Release|Any CPU
		{75891C14-2307-4041-81C9-513723CC74AA}.Release|Any CPU.Build.0 = Release|Any CPU
		{75891C14-2307-4041-81C9-513723CC74AA}.Release|Any CPU.Deploy.0 = Release|Any CPU
		{2136E98F-91B4-4522-BDC0-19D7CDCDF1EE}.Debug|Any CPU.ActiveCfg = Debug|Any CPU
		{2136E98F-91B4-4522-BDC0-19D7CDCDF1EE}.Debug|Any CPU.Build.0 = Debug|Any CPU
		{2136E98F-91B4-4522-BDC0-19D7CDCDF1EE}.Release|Any CPU.ActiveCfg = Release|Any CPU
		{2136E98F-91B4-4522-BDC0-19D7CDCDF1EE}.Release|Any CPU.Build.0 = Release|Any CPU
	EndGlobalSection
	GlobalSection(SolutionProperties) = preSolution
		HideSolutionNode = FALSE
	EndGlobalSection
EndGlobal
